// !$*UTF8*$!
{
	archiveVersion = 1;
	classes = {
	};
	objectVersion = 46;
	objects = {

/* Begin PBXBuildFile section */
		21A1D7AA071CF5740F63D77A /* libPods-fan_banner.a in Frameworks */ = {isa = PBXBuildFile; fileRef = 92342D8DF694EEEA129E0732 /* libPods-fan_banner.a */; };
		2264CCFC1C20ED2800AFF5F6 /* main.m in Sources */ = {isa = PBXBuildFile; fileRef = 2264CCFB1C20ED2800AFF5F6 /* main.m */; };
		2264CCFF1C20ED2800AFF5F6 /* AppDelegate.m in Sources */ = {isa = PBXBuildFile; fileRef = 2264CCFE1C20ED2800AFF5F6 /* AppDelegate.m */; };
		2264CD021C20ED2800AFF5F6 /* ViewController.m in Sources */ = {isa = PBXBuildFile; fileRef = 2264CD011C20ED2800AFF5F6 /* ViewController.m */; };
		2264CD051C20ED2800AFF5F6 /* Main.storyboard in Resources */ = {isa = PBXBuildFile; fileRef = 2264CD031C20ED2800AFF5F6 /* Main.storyboard */; };
		2264CD071C20ED2800AFF5F6 /* Assets.xcassets in Resources */ = {isa = PBXBuildFile; fileRef = 2264CD061C20ED2800AFF5F6 /* Assets.xcassets */; };
		886F15B58D95518373668B97 /* libPods-fan_bannerUITests.a in Frameworks */ = {isa = PBXBuildFile; fileRef = 7A3B82E9F41669D14E76B9FF /* libPods-fan_bannerUITests.a */; };
		BBE0789B362BAECB8CD51770 /* libPods-fan_bannerTests.a in Frameworks */ = {isa = PBXBuildFile; fileRef = 025735CBBB739925F59E3DA5 /* libPods-fan_bannerTests.a */; };
/* End PBXBuildFile section */

/* Begin PBXContainerItemProxy section */
		2264CD111C20ED2800AFF5F6 /* PBXContainerItemProxy */ = {
			isa = PBXContainerItemProxy;
			containerPortal = 2264CCEF1C20ED2800AFF5F6 /* Project object */;
			proxyType = 1;
			remoteGlobalIDString = 2264CCF61C20ED2800AFF5F6;
			remoteInfo = fan_banner;
		};
		2264CD1C1C20ED2800AFF5F6 /* PBXContainerItemProxy */ = {
			isa = PBXContainerItemProxy;
			containerPortal = 2264CCEF1C20ED2800AFF5F6 /* Project object */;
			proxyType = 1;
			remoteGlobalIDString = 2264CCF61C20ED2800AFF5F6;
			remoteInfo = fan_banner;
		};
/* End PBXContainerItemProxy section */

/* Begin PBXFileReference section */
		025735CBBB739925F59E3DA5 /* libPods-fan_bannerTests.a */ = {isa = PBXFileReference; explicitFileType = archive.ar; includeInIndex = 0; path = "libPods-fan_bannerTests.a"; sourceTree = BUILT_PRODUCTS_DIR; };
		0B5A3395525F474D855A20E9 /* Pods-fan_bannerUITests.debug.xcconfig */ = {isa = PBXFileReference; includeInIndex = 1; lastKnownFileType = text.xcconfig; name = "Pods-fan_bannerUITests.debug.xcconfig"; path = "Pods/Target Support Files/Pods-fan_bannerUITests/Pods-fan_bannerUITests.debug.xcconfig"; sourceTree = "<group>"; };
		2264CCF71C20ED2800AFF5F6 /* fan_banner.app */ = {isa = PBXFileReference; explicitFileType = wrapper.application; includeInIndex = 0; path = fan_banner.app; sourceTree = BUILT_PRODUCTS_DIR; };
		2264CCFB1C20ED2800AFF5F6 /* main.m */ = {isa = PBXFileReference; lastKnownFileType = sourcecode.c.objc; path = main.m; sourceTree = "<group>"; };
		2264CCFD1C20ED2800AFF5F6 /* AppDelegate.h */ = {isa = PBXFileReference; lastKnownFileType = sourcecode.c.h; path = AppDelegate.h; sourceTree = "<group>"; };
		2264CCFE1C20ED2800AFF5F6 /* AppDelegate.m */ = {isa = PBXFileReference; lastKnownFileType = sourcecode.c.objc; path = AppDelegate.m; sourceTree = "<group>"; };
		2264CD001C20ED2800AFF5F6 /* ViewController.h */ = {isa = PBXFileReference; lastKnownFileType = sourcecode.c.h; path = ViewController.h; sourceTree = "<group>"; };
		2264CD011C20ED2800AFF5F6 /* ViewController.m */ = {isa = PBXFileReference; lastKnownFileType = sourcecode.c.objc; path = ViewController.m; sourceTree = "<group>"; };
		2264CD041C20ED2800AFF5F6 /* Base */ = {isa = PBXFileReference; lastKnownFileType = file.storyboard; name = Base; path = Base.lproj/Main.storyboard; sourceTree = "<group>"; };
		2264CD061C20ED2800AFF5F6 /* Assets.xcassets */ = {isa = PBXFileReference; lastKnownFileType = folder.assetcatalog; path = Assets.xcassets; sourceTree = "<group>"; };
		2264CD0B1C20ED2800AFF5F6 /* Info.plist */ = {isa = PBXFileReference; lastKnownFileType = text.plist.xml; path = Info.plist; sourceTree = "<group>"; };
		2264CD101C20ED2800AFF5F6 /* fan_bannerTests.xctest */ = {isa = PBXFileReference; explicitFileType = wrapper.cfbundle; includeInIndex = 0; path = fan_bannerTests.xctest; sourceTree = BUILT_PRODUCTS_DIR; };
		2264CD1B1C20ED2800AFF5F6 /* fan_bannerUITests.xctest */ = {isa = PBXFileReference; explicitFileType = wrapper.cfbundle; includeInIndex = 0; path = fan_bannerUITests.xctest; sourceTree = BUILT_PRODUCTS_DIR; };
		52D0F1365479A44060FC4BD8 /* Pods-fan_banner.debug.xcconfig */ = {isa = PBXFileReference; includeInIndex = 1; lastKnownFileType = text.xcconfig; name = "Pods-fan_banner.debug.xcconfig"; path = "Pods/Target Support Files/Pods-fan_banner/Pods-fan_banner.debug.xcconfig"; sourceTree = "<group>"; };
		571D60615E839FE26A2D63F0 /* Pods-fan_bannerUITests.release.xcconfig */ = {isa = PBXFileReference; includeInIndex = 1; lastKnownFileType = text.xcconfig; name = "Pods-fan_bannerUITests.release.xcconfig"; path = "Pods/Target Support Files/Pods-fan_bannerUITests/Pods-fan_bannerUITests.release.xcconfig"; sourceTree = "<group>"; };
		67DC04BE466FCDFCAE19246C /* Pods-fan_banner.release.xcconfig */ = {isa = PBXFileReference; includeInIndex = 1; lastKnownFileType = text.xcconfig; name = "Pods-fan_banner.release.xcconfig"; path = "Pods/Target Support Files/Pods-fan_banner/Pods-fan_banner.release.xcconfig"; sourceTree = "<group>"; };
		7A3B82E9F41669D14E76B9FF /* libPods-fan_bannerUITests.a */ = {isa = PBXFileReference; explicitFileType = archive.ar; includeInIndex = 0; path = "libPods-fan_bannerUITests.a"; sourceTree = BUILT_PRODUCTS_DIR; };
		92342D8DF694EEEA129E0732 /* libPods-fan_banner.a */ = {isa = PBXFileReference; explicitFileType = archive.ar; includeInIndex = 0; path = "libPods-fan_banner.a"; sourceTree = BUILT_PRODUCTS_DIR; };
		B53DE086109A60B6201E118F /* Pods-fan_bannerTests.debug.xcconfig */ = {isa = PBXFileReference; includeInIndex = 1; lastKnownFileType = text.xcconfig; name = "Pods-fan_bannerTests.debug.xcconfig"; path = "Pods/Target Support Files/Pods-fan_bannerTests/Pods-fan_bannerTests.debug.xcconfig"; sourceTree = "<group>"; };
		FFA1940564FF69D35D73F54E /* Pods-fan_bannerTests.release.xcconfig */ = {isa = PBXFileReference; includeInIndex = 1; lastKnownFileType = text.xcconfig; name = "Pods-fan_bannerTests.release.xcconfig"; path = "Pods/Target Support Files/Pods-fan_bannerTests/Pods-fan_bannerTests.release.xcconfig"; sourceTree = "<group>"; };
/* End PBXFileReference section */

/* Begin PBXFrameworksBuildPhase section */
		2264CCF41C20ED2800AFF5F6 /* Frameworks */ = {
			isa = PBXFrameworksBuildPhase;
			buildActionMask = 2147483647;
			files = (
				21A1D7AA071CF5740F63D77A /* libPods-fan_banner.a in Frameworks */,
			);
			runOnlyForDeploymentPostprocessing = 0;
		};
		2264CD0D1C20ED2800AFF5F6 /* Frameworks */ = {
			isa = PBXFrameworksBuildPhase;
			buildActionMask = 2147483647;
			files = (
				BBE0789B362BAECB8CD51770 /* libPods-fan_bannerTests.a in Frameworks */,
			);
			runOnlyForDeploymentPostprocessing = 0;
		};
		2264CD181C20ED2800AFF5F6 /* Frameworks */ = {
			isa = PBXFrameworksBuildPhase;
			buildActionMask = 2147483647;
			files = (
				886F15B58D95518373668B97 /* libPods-fan_bannerUITests.a in Frameworks */,
			);
			runOnlyForDeploymentPostprocessing = 0;
		};
/* End PBXFrameworksBuildPhase section */

/* Begin PBXGroup section */
		0148EF19CA150E87B4A23EDE /* Frameworks */ = {
			isa = PBXGroup;
			children = (
				92342D8DF694EEEA129E0732 /* libPods-fan_banner.a */,
				025735CBBB739925F59E3DA5 /* libPods-fan_bannerTests.a */,
				7A3B82E9F41669D14E76B9FF /* libPods-fan_bannerUITests.a */,
			);
			name = Frameworks;
			sourceTree = "<group>";
		};
		2264CCEE1C20ED2800AFF5F6 = {
			isa = PBXGroup;
			children = (
				2264CCF91C20ED2800AFF5F6 /* fan_banner */,
				2264CCF81C20ED2800AFF5F6 /* Products */,
				DCB429207CC93ABCF292B36B /* Pods */,
				0148EF19CA150E87B4A23EDE /* Frameworks */,
			);
			sourceTree = "<group>";
		};
		2264CCF81C20ED2800AFF5F6 /* Products */ = {
			isa = PBXGroup;
			children = (
				2264CCF71C20ED2800AFF5F6 /* fan_banner.app */,
				2264CD101C20ED2800AFF5F6 /* fan_bannerTests.xctest */,
				2264CD1B1C20ED2800AFF5F6 /* fan_bannerUITests.xctest */,
			);
			name = Products;
			sourceTree = "<group>";
		};
		2264CCF91C20ED2800AFF5F6 /* fan_banner */ = {
			isa = PBXGroup;
			children = (
				2264CCFD1C20ED2800AFF5F6 /* AppDelegate.h */,
				2264CCFE1C20ED2800AFF5F6 /* AppDelegate.m */,
				2264CD001C20ED2800AFF5F6 /* ViewController.h */,
				2264CD011C20ED2800AFF5F6 /* ViewController.m */,
				2264CD031C20ED2800AFF5F6 /* Main.storyboard */,
				2264CD061C20ED2800AFF5F6 /* Assets.xcassets */,
				2264CD0B1C20ED2800AFF5F6 /* Info.plist */,
				2264CCFA1C20ED2800AFF5F6 /* Supporting Files */,
			);
			path = fan_banner;
			sourceTree = "<group>";
		};
		2264CCFA1C20ED2800AFF5F6 /* Supporting Files */ = {
			isa = PBXGroup;
			children = (
				2264CCFB1C20ED2800AFF5F6 /* main.m */,
			);
			name = "Supporting Files";
			sourceTree = "<group>";
		};
		DCB429207CC93ABCF292B36B /* Pods */ = {
			isa = PBXGroup;
			children = (
				52D0F1365479A44060FC4BD8 /* Pods-fan_banner.debug.xcconfig */,
				67DC04BE466FCDFCAE19246C /* Pods-fan_banner.release.xcconfig */,
				B53DE086109A60B6201E118F /* Pods-fan_bannerTests.debug.xcconfig */,
				FFA1940564FF69D35D73F54E /* Pods-fan_bannerTests.release.xcconfig */,
				0B5A3395525F474D855A20E9 /* Pods-fan_bannerUITests.debug.xcconfig */,
				571D60615E839FE26A2D63F0 /* Pods-fan_bannerUITests.release.xcconfig */,
			);
			name = Pods;
			sourceTree = "<group>";
		};
/* End PBXGroup section */

/* Begin PBXNativeTarget section */
		2264CCF61C20ED2800AFF5F6 /* fan_banner */ = {
			isa = PBXNativeTarget;
			buildConfigurationList = 2264CD241C20ED2800AFF5F6 /* Build configuration list for PBXNativeTarget "fan_banner" */;
			buildPhases = (
				56AAC46D8AEDAD4C604C78A5 /* [CP] Check Pods Manifest.lock */,
				2264CCF31C20ED2800AFF5F6 /* Sources */,
				2264CCF41C20ED2800AFF5F6 /* Frameworks */,
				2264CCF51C20ED2800AFF5F6 /* Resources */,
				AF16FAE7C0E35BA4C1159AEE /* [CP] Embed Pods Frameworks */,
				80D03271919B8FFA31008792 /* [CP] Copy Pods Resources */,
			);
			buildRules = (
			);
			dependencies = (
			);
			name = fan_banner;
			productName = fan_banner;
			productReference = 2264CCF71C20ED2800AFF5F6 /* fan_banner.app */;
			productType = "com.apple.product-type.application";
		};
		2264CD0F1C20ED2800AFF5F6 /* fan_bannerTests */ = {
			isa = PBXNativeTarget;
			buildConfigurationList = 2264CD271C20ED2800AFF5F6 /* Build configuration list for PBXNativeTarget "fan_bannerTests" */;
			buildPhases = (
				0A647B327D1CA7EA58EEBA4B /* [CP] Check Pods Manifest.lock */,
				2264CD0C1C20ED2800AFF5F6 /* Sources */,
				2264CD0D1C20ED2800AFF5F6 /* Frameworks */,
				2264CD0E1C20ED2800AFF5F6 /* Resources */,
				762E5DD71808B5FB3AEF42F7 /* [CP] Embed Pods Frameworks */,
				9F41FA014A53018C9E392347 /* [CP] Copy Pods Resources */,
			);
			buildRules = (
			);
			dependencies = (
				2264CD121C20ED2800AFF5F6 /* PBXTargetDependency */,
			);
			name = fan_bannerTests;
			productName = fan_bannerTests;
			productReference = 2264CD101C20ED2800AFF5F6 /* fan_bannerTests.xctest */;
			productType = "com.apple.product-type.bundle.unit-test";
		};
		2264CD1A1C20ED2800AFF5F6 /* fan_bannerUITests */ = {
			isa = PBXNativeTarget;
			buildConfigurationList = 2264CD2A1C20ED2800AFF5F6 /* Build configuration list for PBXNativeTarget "fan_bannerUITests" */;
			buildPhases = (
				A532F4C2D1BEAEB4409B057B /* [CP] Check Pods Manifest.lock */,
				2264CD171C20ED2800AFF5F6 /* Sources */,
				2264CD181C20ED2800AFF5F6 /* Frameworks */,
				2264CD191C20ED2800AFF5F6 /* Resources */,
				10DFE68BA562AC1755EEEECC /* [CP] Embed Pods Frameworks */,
				A12228654655D8D4E4CE35B8 /* [CP] Copy Pods Resources */,
			);
			buildRules = (
			);
			dependencies = (
				2264CD1D1C20ED2800AFF5F6 /* PBXTargetDependency */,
			);
			name = fan_bannerUITests;
			productName = fan_bannerUITests;
			productReference = 2264CD1B1C20ED2800AFF5F6 /* fan_bannerUITests.xctest */;
			productType = "com.apple.product-type.bundle.ui-testing";
		};
/* End PBXNativeTarget section */

/* Begin PBXProject section */
		2264CCEF1C20ED2800AFF5F6 /* Project object */ = {
			isa = PBXProject;
			attributes = {
				LastUpgradeCheck = 0720;
				ORGANIZATIONNAME = "Facebook, Inc.";
				TargetAttributes = {
					2264CCF61C20ED2800AFF5F6 = {
						CreatedOnToolsVersion = 7.2;
					};
					2264CD0F1C20ED2800AFF5F6 = {
						CreatedOnToolsVersion = 7.2;
						TestTargetID = 2264CCF61C20ED2800AFF5F6;
					};
					2264CD1A1C20ED2800AFF5F6 = {
						CreatedOnToolsVersion = 7.2;
						TestTargetID = 2264CCF61C20ED2800AFF5F6;
					};
				};
			};
			buildConfigurationList = 2264CCF21C20ED2800AFF5F6 /* Build configuration list for PBXProject "fan_banner" */;
			compatibilityVersion = "Xcode 3.2";
			developmentRegion = English;
			hasScannedForEncodings = 0;
			knownRegions = (
				en,
				Base,
			);
			mainGroup = 2264CCEE1C20ED2800AFF5F6;
			productRefGroup = 2264CCF81C20ED2800AFF5F6 /* Products */;
			projectDirPath = "";
			projectRoot = "";
			targets = (
				2264CCF61C20ED2800AFF5F6 /* fan_banner */,
				2264CD0F1C20ED2800AFF5F6 /* fan_bannerTests */,
				2264CD1A1C20ED2800AFF5F6 /* fan_bannerUITests */,
			);
		};
/* End PBXProject section */

/* Begin PBXResourcesBuildPhase section */
		2264CCF51C20ED2800AFF5F6 /* Resources */ = {
			isa = PBXResourcesBuildPhase;
			buildActionMask = 2147483647;
			files = (
				2264CD071C20ED2800AFF5F6 /* Assets.xcassets in Resources */,
				2264CD051C20ED2800AFF5F6 /* Main.storyboard in Resources */,
			);
			runOnlyForDeploymentPostprocessing = 0;
		};
		2264CD0E1C20ED2800AFF5F6 /* Resources */ = {
			isa = PBXResourcesBuildPhase;
			buildActionMask = 2147483647;
			files = (
			);
			runOnlyForDeploymentPostprocessing = 0;
		};
		2264CD191C20ED2800AFF5F6 /* Resources */ = {
			isa = PBXResourcesBuildPhase;
			buildActionMask = 2147483647;
			files = (
			);
			runOnlyForDeploymentPostprocessing = 0;
		};
/* End PBXResourcesBuildPhase section */

/* Begin PBXShellScriptBuildPhase section */
		0A647B327D1CA7EA58EEBA4B /* [CP] Check Pods Manifest.lock */ = {
			isa = PBXShellScriptBuildPhase;
			buildActionMask = 2147483647;
			files = (
			);
			inputPaths = (
			);
			name = "[CP] Check Pods Manifest.lock";
			outputPaths = (
			);
			runOnlyForDeploymentPostprocessing = 0;
			shellPath = /bin/sh;
			shellScript = "diff \"${PODS_ROOT}/../Podfile.lock\" \"${PODS_ROOT}/Manifest.lock\" > /dev/null\nif [ $? != 0 ] ; then\n    # print error to STDERR\n    echo \"error: The sandbox is not in sync with the Podfile.lock. Run 'pod install' or update your CocoaPods installation.\" >&2\n    exit 1\nfi\n";
			showEnvVarsInLog = 0;
		};
		10DFE68BA562AC1755EEEECC /* [CP] Embed Pods Frameworks */ = {
			isa = PBXShellScriptBuildPhase;
			buildActionMask = 2147483647;
			files = (
			);
			inputPaths = (
			);
			name = "[CP] Embed Pods Frameworks";
			outputPaths = (
			);
			runOnlyForDeploymentPostprocessing = 0;
			shellPath = /bin/sh;
			shellScript = "\"${SRCROOT}/Pods/Target Support Files/Pods-fan_bannerUITests/Pods-fan_bannerUITests-frameworks.sh\"\n";
			showEnvVarsInLog = 0;
		};
		56AAC46D8AEDAD4C604C78A5 /* [CP] Check Pods Manifest.lock */ = {
			isa = PBXShellScriptBuildPhase;
			buildActionMask = 2147483647;
			files = (
			);
			inputPaths = (
			);
			name = "[CP] Check Pods Manifest.lock";
			outputPaths = (
			);
			runOnlyForDeploymentPostprocessing = 0;
			shellPath = /bin/sh;
			shellScript = "diff \"${PODS_ROOT}/../Podfile.lock\" \"${PODS_ROOT}/Manifest.lock\" > /dev/null\nif [ $? != 0 ] ; then\n    # print error to STDERR\n    echo \"error: The sandbox is not in sync with the Podfile.lock. Run 'pod install' or update your CocoaPods installation.\" >&2\n    exit 1\nfi\n";
			showEnvVarsInLog = 0;
		};
		762E5DD71808B5FB3AEF42F7 /* [CP] Embed Pods Frameworks */ = {
			isa = PBXShellScriptBuildPhase;
			buildActionMask = 2147483647;
			files = (
			);
			inputPaths = (
			);
			name = "[CP] Embed Pods Frameworks";
			outputPaths = (
			);
			runOnlyForDeploymentPostprocessing = 0;
			shellPath = /bin/sh;
			shellScript = "\"${SRCROOT}/Pods/Target Support Files/Pods-fan_bannerTests/Pods-fan_bannerTests-frameworks.sh\"\n";
			showEnvVarsInLog = 0;
		};
		80D03271919B8FFA31008792 /* [CP] Copy Pods Resources */ = {
			isa = PBXShellScriptBuildPhase;
			buildActionMask = 2147483647;
			files = (
			);
			inputPaths = (
			);
			name = "[CP] Copy Pods Resources";
			outputPaths = (
			);
			runOnlyForDeploymentPostprocessing = 0;
			shellPath = /bin/sh;
			shellScript = "\"${SRCROOT}/Pods/Target Support Files/Pods-fan_banner/Pods-fan_banner-resources.sh\"\n";
			showEnvVarsInLog = 0;
		};
		9F41FA014A53018C9E392347 /* [CP] Copy Pods Resources */ = {
			isa = PBXShellScriptBuildPhase;
			buildActionMask = 2147483647;
			files = (
			);
			inputPaths = (
			);
			name = "[CP] Copy Pods Resources";
			outputPaths = (
			);
			runOnlyForDeploymentPostprocessing = 0;
			shellPath = /bin/sh;
			shellScript = "\"${SRCROOT}/Pods/Target Support Files/Pods-fan_bannerTests/Pods-fan_bannerTests-resources.sh\"\n";
			showEnvVarsInLog = 0;
		};
		A12228654655D8D4E4CE35B8 /* [CP] Copy Pods Resources */ = {
			isa = PBXShellScriptBuildPhase;
			buildActionMask = 2147483647;
			files = (
			);
			inputPaths = (
			);
			name = "[CP] Copy Pods Resources";
			outputPaths = (
			);
			runOnlyForDeploymentPostprocessing = 0;
			shellPath = /bin/sh;
			shellScript = "\"${SRCROOT}/Pods/Target Support Files/Pods-fan_bannerUITests/Pods-fan_bannerUITests-resources.sh\"\n";
			showEnvVarsInLog = 0;
		};
		A532F4C2D1BEAEB4409B057B /* [CP] Check Pods Manifest.lock */ = {
			isa = PBXShellScriptBuildPhase;
			buildActionMask = 2147483647;
			files = (
			);
			inputPaths = (
			);
			name = "[CP] Check Pods Manifest.lock";
			outputPaths = (
			);
			runOnlyForDeploymentPostprocessing = 0;
			shellPath = /bin/sh;
			shellScript = "diff \"${PODS_ROOT}/../Podfile.lock\" \"${PODS_ROOT}/Manifest.lock\" > /dev/null\nif [ $? != 0 ] ; then\n    # print error to STDERR\n    echo \"error: The sandbox is not in sync with the Podfile.lock. Run 'pod install' or update your CocoaPods installation.\" >&2\n    exit 1\nfi\n";
			showEnvVarsInLog = 0;
		};
		AF16FAE7C0E35BA4C1159AEE /* [CP] Embed Pods Frameworks */ = {
			isa = PBXShellScriptBuildPhase;
			buildActionMask = 2147483647;
			files = (
			);
			inputPaths = (
			);
			name = "[CP] Embed Pods Frameworks";
			outputPaths = (
			);
			runOnlyForDeploymentPostprocessing = 0;
			shellPath = /bin/sh;
			shellScript = "\"${SRCROOT}/Pods/Target Support Files/Pods-fan_banner/Pods-fan_banner-frameworks.sh\"\n";
			showEnvVarsInLog = 0;
		};
/* End PBXShellScriptBuildPhase section */

/* Begin PBXSourcesBuildPhase section */
		2264CCF31C20ED2800AFF5F6 /* Sources */ = {
			isa = PBXSourcesBuildPhase;
			buildActionMask = 2147483647;
			files = (
				2264CD021C20ED2800AFF5F6 /* ViewController.m in Sources */,
				2264CCFF1C20ED2800AFF5F6 /* AppDelegate.m in Sources */,
				2264CCFC1C20ED2800AFF5F6 /* main.m in Sources */,
			);
			runOnlyForDeploymentPostprocessing = 0;
		};
		2264CD0C1C20ED2800AFF5F6 /* Sources */ = {
			isa = PBXSourcesBuildPhase;
			buildActionMask = 2147483647;
			files = (
			);
			runOnlyForDeploymentPostprocessing = 0;
		};
		2264CD171C20ED2800AFF5F6 /* Sources */ = {
			isa = PBXSourcesBuildPhase;
			buildActionMask = 2147483647;
			files = (
			);
			runOnlyForDeploymentPostprocessing = 0;
		};
/* End PBXSourcesBuildPhase section */

/* Begin PBXTargetDependency section */
		2264CD121C20ED2800AFF5F6 /* PBXTargetDependency */ = {
			isa = PBXTargetDependency;
			target = 2264CCF61C20ED2800AFF5F6 /* fan_banner */;
			targetProxy = 2264CD111C20ED2800AFF5F6 /* PBXContainerItemProxy */;
		};
		2264CD1D1C20ED2800AFF5F6 /* PBXTargetDependency */ = {
			isa = PBXTargetDependency;
			target = 2264CCF61C20ED2800AFF5F6 /* fan_banner */;
			targetProxy = 2264CD1C1C20ED2800AFF5F6 /* PBXContainerItemProxy */;
		};
/* End PBXTargetDependency section */

/* Begin PBXVariantGroup section */
		2264CD031C20ED2800AFF5F6 /* Main.storyboard */ = {
			isa = PBXVariantGroup;
			children = (
				2264CD041C20ED2800AFF5F6 /* Base */,
			);
			name = Main.storyboard;
			sourceTree = "<group>";
		};
/* End PBXVariantGroup section */

/* Begin XCBuildConfiguration section */
		2264CD221C20ED2800AFF5F6 /* Debug */ = {
			isa = XCBuildConfiguration;
			buildSettings = {
				ALWAYS_SEARCH_USER_PATHS = NO;
				CLANG_CXX_LANGUAGE_STANDARD = "gnu++0x";
				CLANG_CXX_LIBRARY = "libc++";
				CLANG_ENABLE_MODULES = YES;
				CLANG_ENABLE_OBJC_ARC = YES;
				CLANG_WARN_BOOL_CONVERSION = YES;
				CLANG_WARN_CONSTANT_CONVERSION = YES;
				CLANG_WARN_DIRECT_OBJC_ISA_USAGE = YES_ERROR;
				CLANG_WARN_EMPTY_BODY = YES;
				CLANG_WARN_ENUM_CONVERSION = YES;
				CLANG_WARN_INT_CONVERSION = YES;
				CLANG_WARN_OBJC_ROOT_CLASS = YES_ERROR;
				CLANG_WARN_UNREACHABLE_CODE = YES;
				CLANG_WARN__DUPLICATE_METHOD_MATCH = YES;
				"CODE_SIGN_IDENTITY[sdk=iphoneos*]" = "iPhone Developer";
				COPY_PHASE_STRIP = NO;
				DEBUG_INFORMATION_FORMAT = dwarf;
				ENABLE_STRICT_OBJC_MSGSEND = YES;
				ENABLE_TESTABILITY = YES;
				GCC_C_LANGUAGE_STANDARD = gnu99;
				GCC_DYNAMIC_NO_PIC = NO;
				GCC_NO_COMMON_BLOCKS = YES;
				GCC_OPTIMIZATION_LEVEL = 0;
				GCC_PREPROCESSOR_DEFINITIONS = (
					"DEBUG=1",
					"$(inherited)",
				);
				GCC_WARN_64_TO_32_BIT_CONVERSION = YES;
				GCC_WARN_ABOUT_RETURN_TYPE = YES_ERROR;
				GCC_WARN_UNDECLARED_SELECTOR = YES;
				GCC_WARN_UNINITIALIZED_AUTOS = YES_AGGRESSIVE;
				GCC_WARN_UNUSED_FUNCTION = YES;
				GCC_WARN_UNUSED_VARIABLE = YES;
				IPHONEOS_DEPLOYMENT_TARGET = 9.2;
				MTL_ENABLE_DEBUG_INFO = YES;
				ONLY_ACTIVE_ARCH = YES;
				SDKROOT = iphoneos;
				TARGETED_DEVICE_FAMILY = "1,2";
			};
			name = Debug;
		};
		2264CD231C20ED2800AFF5F6 /* Release */ = {
			isa = XCBuildConfiguration;
			buildSettings = {
				ALWAYS_SEARCH_USER_PATHS = NO;
				CLANG_CXX_LANGUAGE_STANDARD = "gnu++0x";
				CLANG_CXX_LIBRARY = "libc++";
				CLANG_ENABLE_MODULES = YES;
				CLANG_ENABLE_OBJC_ARC = YES;
				CLANG_WARN_BOOL_CONVERSION = YES;
				CLANG_WARN_CONSTANT_CONVERSION = YES;
				CLANG_WARN_DIRECT_OBJC_ISA_USAGE = YES_ERROR;
				CLANG_WARN_EMPTY_BODY = YES;
				CLANG_WARN_ENUM_CONVERSION = YES;
				CLANG_WARN_INT_CONVERSION = YES;
				CLANG_WARN_OBJC_ROOT_CLASS = YES_ERROR;
				CLANG_WARN_UNREACHABLE_CODE = YES;
				CLANG_WARN__DUPLICATE_METHOD_MATCH = YES;
				"CODE_SIGN_IDENTITY[sdk=iphoneos*]" = "iPhone Developer";
				COPY_PHASE_STRIP = NO;
				DEBUG_INFORMATION_FORMAT = "dwarf-with-dsym";
				ENABLE_NS_ASSERTIONS = NO;
				ENABLE_STRICT_OBJC_MSGSEND = YES;
				GCC_C_LANGUAGE_STANDARD = gnu99;
				GCC_NO_COMMON_BLOCKS = YES;
				GCC_WARN_64_TO_32_BIT_CONVERSION = YES;
				GCC_WARN_ABOUT_RETURN_TYPE = YES_ERROR;
				GCC_WARN_UNDECLARED_SELECTOR = YES;
				GCC_WARN_UNINITIALIZED_AUTOS = YES_AGGRESSIVE;
				GCC_WARN_UNUSED_FUNCTION = YES;
				GCC_WARN_UNUSED_VARIABLE = YES;
				IPHONEOS_DEPLOYMENT_TARGET = 9.2;
				MTL_ENABLE_DEBUG_INFO = NO;
				SDKROOT = iphoneos;
				TARGETED_DEVICE_FAMILY = "1,2";
				VALIDATE_PRODUCT = YES;
			};
			name = Release;
		};
		2264CD251C20ED2800AFF5F6 /* Debug */ = {
			isa = XCBuildConfiguration;
			baseConfigurationReference = 52D0F1365479A44060FC4BD8 /* Pods-fan_banner.debug.xcconfig */;
			buildSettings = {
				ASSETCATALOG_COMPILER_APPICON_NAME = AppIcon;
				DEVELOPMENT_TEAM = "";
				FRAMEWORK_SEARCH_PATHS = (
					"$(inherited)",
					"$(PROJECT_DIR)",
					"$(PROJECT_DIR)/fan_banner",
				);
				INFOPLIST_FILE = fan_banner/Info.plist;
				IPHONEOS_DEPLOYMENT_TARGET = 8.4;
				LD_RUNPATH_SEARCH_PATHS = "$(inherited) @executable_path/Frameworks";
				PRODUCT_BUNDLE_IDENTIFIER = "com.facebook.audiencenetwork.ads.fan-banner";
				PRODUCT_NAME = "$(TARGET_NAME)";
			};
			name = Debug;
		};
		2264CD261C20ED2800AFF5F6 /* Release */ = {
			isa = XCBuildConfiguration;
			baseConfigurationReference = 67DC04BE466FCDFCAE19246C /* Pods-fan_banner.release.xcconfig */;
			buildSettings = {
				ASSETCATALOG_COMPILER_APPICON_NAME = AppIcon;
				DEVELOPMENT_TEAM = "";
				FRAMEWORK_SEARCH_PATHS = (
					"$(inherited)",
					"$(PROJECT_DIR)",
					"$(PROJECT_DIR)/fan_banner",
				);
				INFOPLIST_FILE = fan_banner/Info.plist;
				IPHONEOS_DEPLOYMENT_TARGET = 8.4;
				LD_RUNPATH_SEARCH_PATHS = "$(inherited) @executable_path/Frameworks";
				PRODUCT_BUNDLE_IDENTIFIER = "com.facebook.audiencenetwork.ads.fan-banner";
				PRODUCT_NAME = "$(TARGET_NAME)";
			};
			name = Release;
		};
		2264CD281C20ED2800AFF5F6 /* Debug */ = {
			isa = XCBuildConfiguration;
			baseConfigurationReference = B53DE086109A60B6201E118F /* Pods-fan_bannerTests.debug.xcconfig */;
			buildSettings = {
				BUNDLE_LOADER = "$(TEST_HOST)";
				INFOPLIST_FILE = fan_bannerTests/Info.plist;
				LD_RUNPATH_SEARCH_PATHS = "$(inherited) @executable_path/Frameworks @loader_path/Frameworks";
				PRODUCT_BUNDLE_IDENTIFIER = "com.facebook.audiencenetwork.ads.fan-bannerTests";
				PRODUCT_NAME = "$(TARGET_NAME)";
				TEST_HOST = "$(BUILT_PRODUCTS_DIR)/fan_banner.app/fan_banner";
			};
			name = Debug;
		};
		2264CD291C20ED2800AFF5F6 /* Release */ = {
			isa = XCBuildConfiguration;
			baseConfigurationReference = FFA1940564FF69D35D73F54E /* Pods-fan_bannerTests.release.xcconfig */;
			buildSettings = {
				BUNDLE_LOADER = "$(TEST_HOST)";
				INFOPLIST_FILE = fan_bannerTests/Info.plist;
				LD_RUNPATH_SEARCH_PATHS = "$(inherited) @executable_path/Frameworks @loader_path/Frameworks";
				PRODUCT_BUNDLE_IDENTIFIER = "com.facebook.audiencenetwork.ads.fan-bannerTests";
				PRODUCT_NAME = "$(TARGET_NAME)";
				TEST_HOST = "$(BUILT_PRODUCTS_DIR)/fan_banner.app/fan_banner";
			};
			name = Release;
		};
		2264CD2B1C20ED2800AFF5F6 /* Debug */ = {
			isa = XCBuildConfiguration;
			baseConfigurationReference = 0B5A3395525F474D855A20E9 /* Pods-fan_bannerUITests.debug.xcconfig */;
			buildSettings = {
				INFOPLIST_FILE = fan_bannerUITests/Info.plist;
				LD_RUNPATH_SEARCH_PATHS = "$(inherited) @executable_path/Frameworks @loader_path/Frameworks";
				PRODUCT_BUNDLE_IDENTIFIER = "com.facebook.audiencenetwork.ads.fan-bannerUITests";
				PRODUCT_NAME = "$(TARGET_NAME)";
				TEST_TARGET_NAME = fan_banner;
				USES_XCTRUNNER = YES;
			};
			name = Debug;
		};
		2264CD2C1C20ED2800AFF5F6 /* Release */ = {
			isa = XCBuildConfiguration;
			baseConfigurationReference = 571D60615E839FE26A2D63F0 /* Pods-fan_bannerUITests.release.xcconfig */;
			buildSettings = {
				INFOPLIST_FILE = fan_bannerUITests/Info.plist;
				LD_RUNPATH_SEARCH_PATHS = "$(inherited) @executable_path/Frameworks @loader_path/Frameworks";
				PRODUCT_BUNDLE_IDENTIFIER = "com.facebook.audiencenetwork.ads.fan-bannerUITests";
				PRODUCT_NAME = "$(TARGET_NAME)";
				TEST_TARGET_NAME = fan_banner;
				USES_XCTRUNNER = YES;
			};
			name = Release;
		};
/* End XCBuildConfiguration section */

/* Begin XCConfigurationList section */
		2264CCF21C20ED2800AFF5F6 /* Build configuration list for PBXProject "fan_banner" */ = {
			isa = XCConfigurationList;
			buildConfigurations = (
				2264CD221C20ED2800AFF5F6 /* Debug */,
				2264CD231C20ED2800AFF5F6 /* Release */,
			);
			defaultConfigurationIsVisible = 0;
			defaultConfigurationName = Release;
		};
		2264CD241C20ED2800AFF5F6 /* Build configuration list for PBXNativeTarget "fan_banner" */ = {
			isa = XCConfigurationList;
			buildConfigurations = (
				2264CD251C20ED2800AFF5F6 /* Debug */,
				2264CD261C20ED2800AFF5F6 /* Release */,
			);
			defaultConfigurationIsVisible = 0;
			defaultConfigurationName = Release;
		};
		2264CD271C20ED2800AFF5F6 /* Build configuration list for PBXNativeTarget "fan_bannerTests" */ = {
			isa = XCConfigurationList;
			buildConfigurations = (
				2264CD281C20ED2800AFF5F6 /* Debug */,
				2264CD291C20ED2800AFF5F6 /* Release */,
			);
			defaultConfigurationIsVisible = 0;
			defaultConfigurationName = Release;
		};
		2264CD2A1C20ED2800AFF5F6 /* Build configuration list for PBXNativeTarget "fan_bannerUITests" */ = {
			isa = XCConfigurationList;
			buildConfigurations = (
				2264CD2B1C20ED2800AFF5F6 /* Debug */,
				2264CD2C1C20ED2800AFF5F6 /* Release */,
			);
			defaultConfigurationIsVisible = 0;
			defaultConfigurationName = Release;
		};
/* End XCConfigurationList section */
	};
	rootObject = 2264CCEF1C20ED2800AFF5F6 /* Project object */;
}
