PODS:
  - FBAudienceNetwork (4.25.0)
  - Google-Mobile-Ads-SDK (7.22.0)
  - GoogleMobileAdsMediationFacebook (4.25.0.0):
    - FBAudienceNetwork (= 4.25.0)
    - Google-Mobile-Ads-SDK (>= 7.12.0)

DEPENDENCIES:
  - FBAudienceNetwork
  - Google-Mobile-Ads-SDK
  - GoogleMobileAdsMediationFacebook

SPEC CHECKSUMS:
  FBAudienceNetwork: b0e2a46cca38ca0d17d8aebcc4765d628203ee9b
  Google-Mobile-Ads-SDK: 1bdf1a4244d0553b1840239874c209c01aef055f
  GoogleMobileAdsMediationFacebook: 928c44dd8cadfcce77c7b7b9e20a1ee61add0b19

PODFILE CHECKSUM: 7db61d521ac15652f19f8c4bda2b684aa7db1a21

COCOAPODS: 1.1.1
